<?xml version="1.0" encoding="utf-8"?>
<Project ToolsVersion="4.0" xmlns="http://schemas.microsoft.com/developer/msbuild/2003">
  <ItemGroup>
    <Filter Include="Source Files">
      <UniqueIdentifier>{4FC737F1-C7A5-4376-A066-2A32D752A2FF}</UniqueIdentifier>
      <Extensions>cpp;c;cc;cxx;def;odl;idl;hpj;bat;asm;asmx</Extensions>
    </Filter>
    <Filter Include="Header Files">
      <UniqueIdentifier>{93995380-89BD-4b04-88EB-625FBE52EBFB}</UniqueIdentifier>
      <Extensions>h;hpp;hxx;hm;inl;inc;xsd</Extensions>
    </Filter>
    <Filter Include="Resource Files">
      <UniqueIdentifier>{67DA6AB6-F800-4c08-8B7A-83BB121AAD01}</UniqueIdentifier>
      <Extensions>rc;ico;cur;bmp;dlg;rc2;rct;bin;rgs;gif;jpg;jpeg;jpe;resx;tiff;tif;png;wav;mfcribbon-ms</Extensions>
    </Filter>
    <Filter Include="Header Files\Utility">
      <UniqueIdentifier>{61760155-3fe9-4458-89af-9a7bb3ebbed2}</UniqueIdentifier>
    </Filter>
    <Filter Include="Source Files\Utility">
      <UniqueIdentifier>{329db685-e31c-4718-9da8-f22af8319927}</UniqueIdentifier>
    </Filter>
    <Filter Include="Source Files\Utility\Font">
      <UniqueIdentifier>{48c99b3d-ddf7-44d4-9442-16c502cd8db5}</UniqueIdentifier>
    </Filter>
    <Filter Include="Header Files\Utility\Font">
      <UniqueIdentifier>{7dd8e89c-738c-4b02-a0ea-f191300d0fc1}</UniqueIdentifier>
    </Filter>
    <Filter Include="Header Files\Level">
      <UniqueIdentifier>{82d05893-afb7-4f82-bcca-1ae81e7bd32f}</UniqueIdentifier>
    </Filter>
    <Filter Include="Source Files\Level">
      <UniqueIdentifier>{abe9cf67-ef2e-4801-8be2-d19004e06e99}</UniqueIdentifier>
    </Filter>
    <Filter Include="Header Files\Physics">
      <UniqueIdentifier>{305c9150-5fa1-43ea-9775-d87d9aab6f95}</UniqueIdentifier>
    </Filter>
    <Filter Include="Source Files\Physics">
      <UniqueIdentifier>{e00e19ac-1506-4cbc-bf77-296e06338ca4}</UniqueIdentifier>
    </Filter>
    <Filter Include="Resource Files\media folder">
      <UniqueIdentifier>{f6862ea7-526f-4c8b-827d-5f5412b6b7e7}</UniqueIdentifier>
    </Filter>
    <Filter Include="Source Files\States">
      <UniqueIdentifier>{0e846951-2010-4c74-957c-b15e3f1f496f}</UniqueIdentifier>
    </Filter>
    <Filter Include="Source Files\UI">
      <UniqueIdentifier>{52fbe2d1-a025-4024-b26e-130a1bdfc691}</UniqueIdentifier>
    </Filter>
    <Filter Include="Header Files\Utility\StateMachine">
      <UniqueIdentifier>{0993c2a6-5c0c-4758-8712-cdc090d1acfc}</UniqueIdentifier>
    </Filter>
    <Filter Include="Header Files\States">
      <UniqueIdentifier>{68615566-18b0-4a69-889f-57edd12e3cd3}</UniqueIdentifier>
    </Filter>
    <Filter Include="Header Files\UI">
      <UniqueIdentifier>{aed943cd-36ea-4d5a-903f-f04f280432c5}</UniqueIdentifier>
    </Filter>
    <Filter Include="Resource Files\levels">
      <UniqueIdentifier>{6da7d67e-e72a-4f31-95dc-b38e8827e557}</UniqueIdentifier>
    </Filter>
  </ItemGroup>
  <ItemGroup>
    <ClCompile Include="main.cpp">
      <Filter>Source Files</Filter>
    </ClCompile>
    <ClCompile Include="IrrManager.cpp">
      <Filter>Source Files\Utility</Filter>
    </ClCompile>
    <ClCompile Include="TTF_Irr.cpp">
      <Filter>Source Files\Utility\Font</Filter>
    </ClCompile>
    <ClCompile Include="FontHandler.cpp">
      <Filter>Source Files\Utility\Font</Filter>
    </ClCompile>
    <ClCompile Include="Level.cpp">
      <Filter>Source Files\Level</Filter>
    </ClCompile>
    <ClCompile Include="PhysicsManager.cpp">
      <Filter>Source Files\Physics</Filter>
    </ClCompile>
    <ClCompile Include="GameExit.cpp">
      <Filter>Source Files\States</Filter>
    </ClCompile>
    <ClCompile Include="PauseMenu.cpp">
      <Filter>Source Files\States</Filter>
    </ClCompile>
    <ClCompile Include="MainMenu.cpp">
      <Filter>Source Files\States</Filter>
    </ClCompile>
    <ClCompile Include="GameStateEventReceiver.cpp">
      <Filter>Source Files\States</Filter>
    </ClCompile>
    <ClCompile Include="Game.cpp">
      <Filter>Source Files</Filter>
    </ClCompile>
    <ClCompile Include="GameState.cpp">
      <Filter>Source Files\States</Filter>
    </ClCompile>
    <ClCompile Include="ScreenBase.cpp">
      <Filter>Source Files\UI</Filter>
    </ClCompile>
    <ClCompile Include="GUIButton.cpp">
      <Filter>Source Files\UI</Filter>
    </ClCompile>
    <ClCompile Include="VentParticles.cpp">
      <Filter>Source Files\Level</Filter>
    </ClCompile>
  </ItemGroup>
  <ItemGroup>
    <ClInclude Include="IrrManager.h">
      <Filter>Header Files\Utility</Filter>
    </ClInclude>
    <ClInclude Include="GameExit.h">
      <Filter>Header Files\States</Filter>
    </ClInclude>
    <ClInclude Include="MainMenu.h">
      <Filter>Header Files\States</Filter>
    </ClInclude>
    <ClInclude Include="GameState.h">
      <Filter>Header Files\States</Filter>
    </ClInclude>
    <ClInclude Include="PauseMenu.h">
      <Filter>Header Files\States</Filter>
    </ClInclude>
    <ClInclude Include="TTF_Irr.h">
      <Filter>Header Files\Utility\Font</Filter>
    </ClInclude>
    <ClInclude Include="FontHandler.h">
      <Filter>Header Files\Utility\Font</Filter>
    </ClInclude>
    <ClInclude Include="Level.h">
      <Filter>Header Files\Level</Filter>
    </ClInclude>
    <ClInclude Include="PhysicsManager.h">
      <Filter>Header Files\Physics</Filter>
    </ClInclude>
    <ClInclude Include="GameStateEventReceiver.h">
      <Filter>Header Files\States</Filter>
    </ClInclude>
    <ClInclude Include="StateMachine.h">
      <Filter>Header Files\Utility\StateMachine</Filter>
    </ClInclude>
    <ClInclude Include="State.h">
      <Filter>Header Files\Utility\StateMachine</Filter>
    </ClInclude>
    <ClInclude Include="Entity.h">
      <Filter>Header Files\Utility\StateMachine</Filter>
    </ClInclude>
    <ClInclude Include="ScreenBase.h">
      <Filter>Header Files\UI</Filter>
    </ClInclude>
    <ClInclude Include="GUIButton.h">
      <Filter>Header Files\UI</Filter>
    </ClInclude>
    <ClInclude Include="Game.h">
      <Filter>Header Files</Filter>
    </ClInclude>
    <ClInclude Include="EnumsConstants.h">
      <Filter>Header Files</Filter>
    </ClInclude>
    <ClInclude Include="VentParticles.h">
      <Filter>Header Files\Level</Filter>
    </ClInclude>
  </ItemGroup>
  <ItemGroup>
    <None Include="Irrlicht.dll">
      <Filter>Resource Files</Filter>
    </None>
    <None Include="pala.ttf">
      <Filter>Resource Files</Filter>
    </None>
    <None Include="media\exitButton.png">
      <Filter>Resource Files\media folder</Filter>
    </None>
    <None Include="media\mainMenuButton.png">
      <Filter>Resource Files\media folder</Filter>
    </None>
    <None Include="media\menuBackground.jpg">
      <Filter>Resource Files\media folder</Filter>
    </None>
    <None Include="media\newGameButton.png">
      <Filter>Resource Files\media folder</Filter>
    </None>
    <None Include="media\pauseBackground.jpg">
      <Filter>Resource Files\media folder</Filter>
    </None>
    <None Include="media\returnToGameButton.png">
      <Filter>Resource Files\media folder</Filter>
    </None>
    <None Include="levels\config.txt">
      <Filter>Resource Files\levels</Filter>
    </None>
    <None Include="levels\level_0.xml">
      <Filter>Resource Files\levels</Filter>
    </None>
    <None Include="media\bubbleWater.jpg">
      <Filter>Resource Files\media folder</Filter>
    </None>
    <None Include="media\defaultButton.png">
      <Filter>Resource Files\media folder</Filter>
    </None>
    <None Include="media\defaultHoverButton.png">
      <Filter>Resource Files\media folder</Filter>
    </None>
    <None Include="media\tuatara.jpg">
      <Filter>Resource Files\media folder</Filter>
    </None>
  </ItemGroup>
</Project>